<Solution>
  <Folder Name="/src/">
    <Project Path="src/GeradorCertificados.Api/GeradorCertificados.Api.csproj" />
    <Project Path="src/GeradorCertificados.Application/GeradorCertificados.Application.csproj" />
    <Project Path="src/GeradorCertificados.Domain/GeradorCertificados.Domain.csproj" />
    <Project Path="src/GeradorCertificados.Infrastructure/GeradorCertificados.Infrastructure.csproj" />
  </Folder>
  <Folder Name="/tests/">
    <Project Path="tests/GeradorCertificados.Application.Tests/GeradorCertificados.Application.Tests.csproj" />
  </Folder>
</Solution>
